
Microsoft Visual Studio Solution File, Format Version 11.00
# Visual Studio 2010
Project("{FAE04EC0-301F-11D3-BF4B-00C04F79EFBC}") = "mvcFirstTest", "mvcFirstTest\mvcFirstTest.csproj", "{D7FAF0CA-D03F-4E64-BA67-2D5DB95A20DA}"
EndProject
Global
	GlobalSection(SolutionConfigurationPlatforms) = preSolution
		Debug|Any CPU = Debug|Any CPU
		Release|Any CPU = Release|Any CPU
	EndGlobalSection
	GlobalSection(ProjectConfigurationPlatforms) = postSolution
		{D7FAF0CA-D03F-4E64-BA67-2D5DB95A20DA}.Debug|Any CPU.ActiveCfg = Debug|Any CPU
		{D7FAF0CA-D03F-4E64-BA67-2D5DB95A20DA}.Debug|Any CPU.Build.0 = Debug|Any CPU
		{D7FAF0CA-D03F-4E64-BA67-2D5DB95A20DA}.Release|Any CPU.ActiveCfg = Release|Any CPU
		{D7FAF0CA-D03F-4E64-BA67-2D5DB95A20DA}.Release|Any CPU.Build.0 = Release|Any CPU
	EndGlobalSection
	GlobalSection(SolutionProperties) = preSolution
		HideSolutionNode = FALSE
	EndGlobalSection
EndGlobal
